
Microsoft Visual Studio Solution File, Format Version 12.00
# Visual Studio Version 17
VisualStudioVersion = 17.5.33627.172
MinimumVisualStudioVersion = 10.0.40219.1
Project("{FAE04EC0-301F-11D3-BF4B-00C04F79EFBC}") = "Calculadora jj", "Calculadora jj.csproj", "{E1D4BF66-20D3-4015-8C48-E314553D2FAD}"
EndProject
Global
	GlobalSection(SolutionConfigurationPlatforms) = preSolution
		Debug|Any CPU = Debug|Any CPU
		Release|Any CPU = Release|Any CPU
	EndGlobalSection
	GlobalSection(ProjectConfigurationPlatforms) = postSolution
		{E1D4BF66-20D3-4015-8C48-E314553D2FAD}.Debug|Any CPU.ActiveCfg = Debug|Any CPU
		{E1D4BF66-20D3-4015-8C48-E314553D2FAD}.Debug|Any CPU.Build.0 = Debug|Any CPU
		{E1D4BF66-20D3-4015-8C48-E314553D2FAD}.Release|Any CPU.ActiveCfg = Release|Any CPU
		{E1D4BF66-20D3-4015-8C48-E314553D2FAD}.Release|Any CPU.Build.0 = Release|Any CPU
	EndGlobalSection
	GlobalSection(SolutionProperties) = preSolution
		HideSolutionNode = FALSE
	EndGlobalSection
	GlobalSection(ExtensibilityGlobals) = postSolution
		SolutionGuid = {0A097628-F5A2-4D31-B59F-AB583414ADC8}
	EndGlobalSection
EndGlobal
